// !$*UTF8*$!
{
	archiveVersion = 1;
	classes = {
	};
	objectVersion = 46;
	objects = {

/* Begin PBXBuildFile section */
		E07A3DC775370AF907984235 /* libPods-CodePath-Instagram.a in Frameworks */ = {isa = PBXBuildFile; fileRef = 98F158B76187E45665AC9879 /* libPods-CodePath-Instagram.a */; };
		ECDF65D21BD98FAE00D5EF2C /* main.m in Sources */ = {isa = PBXBuildFile; fileRef = ECDF65D11BD98FAE00D5EF2C /* main.m */; };
		ECDF65D51BD98FAE00D5EF2C /* AppDelegate.m in Sources */ = {isa = PBXBuildFile; fileRef = ECDF65D41BD98FAE00D5EF2C /* AppDelegate.m */; };
		ECDF65D81BD98FAE00D5EF2C /* PhotosViewController.m in Sources */ = {isa = PBXBuildFile; fileRef = ECDF65D71BD98FAE00D5EF2C /* PhotosViewController.m */; };
		ECDF65DB1BD98FAE00D5EF2C /* Main.storyboard in Resources */ = {isa = PBXBuildFile; fileRef = ECDF65D91BD98FAE00D5EF2C /* Main.storyboard */; };
		ECDF65DD1BD98FAE00D5EF2C /* Assets.xcassets in Resources */ = {isa = PBXBuildFile; fileRef = ECDF65DC1BD98FAE00D5EF2C /* Assets.xcassets */; };
		ECDF65E01BD98FAE00D5EF2C /* LaunchScreen.storyboard in Resources */ = {isa = PBXBuildFile; fileRef = ECDF65DE1BD98FAE00D5EF2C /* LaunchScreen.storyboard */; };
		ECDF65E91BD9941E00D5EF2C /* PhotoCell.m in Sources */ = {isa = PBXBuildFile; fileRef = ECDF65E81BD9941E00D5EF2C /* PhotoCell.m */; settings = {ASSET_TAGS = (); }; };
/* End PBXBuildFile section */

/* Begin PBXFileReference section */
		42B44CBE7A97DE553CE44C6E /* Pods-CodePath-Instagram.debug.xcconfig */ = {isa = PBXFileReference; includeInIndex = 1; lastKnownFileType = text.xcconfig; name = "Pods-CodePath-Instagram.debug.xcconfig"; path = "Pods/Target Support Files/Pods-CodePath-Instagram/Pods-CodePath-Instagram.debug.xcconfig"; sourceTree = "<group>"; };
		98F158B76187E45665AC9879 /* libPods-CodePath-Instagram.a */ = {isa = PBXFileReference; explicitFileType = archive.ar; includeInIndex = 0; path = "libPods-CodePath-Instagram.a"; sourceTree = BUILT_PRODUCTS_DIR; };
		E5CC1C4C4ABA1BE7FFBC44C7 /* Pods-CodePath-Instagram.release.xcconfig */ = {isa = PBXFileReference; includeInIndex = 1; lastKnownFileType = text.xcconfig; name = "Pods-CodePath-Instagram.release.xcconfig"; path = "Pods/Target Support Files/Pods-CodePath-Instagram/Pods-CodePath-Instagram.release.xcconfig"; sourceTree = "<group>"; };
		ECDF65CD1BD98FAE00D5EF2C /* CodePath-Instagram.app */ = {isa = PBXFileReference; explicitFileType = wrapper.application; includeInIndex = 0; path = "CodePath-Instagram.app"; sourceTree = BUILT_PRODUCTS_DIR; };
		ECDF65D11BD98FAE00D5EF2C /* main.m */ = {isa = PBXFileReference; lastKnownFileType = sourcecode.c.objc; path = main.m; sourceTree = "<group>"; };
		ECDF65D31BD98FAE00D5EF2C /* AppDelegate.h */ = {isa = PBXFileReference; lastKnownFileType = sourcecode.c.h; path = AppDelegate.h; sourceTree = "<group>"; };
		ECDF65D41BD98FAE00D5EF2C /* AppDelegate.m */ = {isa = PBXFileReference; lastKnownFileType = sourcecode.c.objc; path = AppDelegate.m; sourceTree = "<group>"; };
		ECDF65D61BD98FAE00D5EF2C /* PhotosViewController.h */ = {isa = PBXFileReference; lastKnownFileType = sourcecode.c.h; path = PhotosViewController.h; sourceTree = "<group>"; };
		ECDF65D71BD98FAE00D5EF2C /* PhotosViewController.m */ = {isa = PBXFileReference; lastKnownFileType = sourcecode.c.objc; path = PhotosViewController.m; sourceTree = "<group>"; };
		ECDF65DA1BD98FAE00D5EF2C /* Base */ = {isa = PBXFileReference; lastKnownFileType = file.storyboard; name = Base; path = Base.lproj/Main.storyboard; sourceTree = "<group>"; };
		ECDF65DC1BD98FAE00D5EF2C /* Assets.xcassets */ = {isa = PBXFileReference; lastKnownFileType = folder.assetcatalog; path = Assets.xcassets; sourceTree = "<group>"; };
		ECDF65DF1BD98FAE00D5EF2C /* Base */ = {isa = PBXFileReference; lastKnownFileType = file.storyboard; name = Base; path = Base.lproj/LaunchScreen.storyboard; sourceTree = "<group>"; };
		ECDF65E11BD98FAE00D5EF2C /* Info.plist */ = {isa = PBXFileReference; lastKnownFileType = text.plist.xml; path = Info.plist; sourceTree = "<group>"; };
		ECDF65E71BD9941E00D5EF2C /* PhotoCell.h */ = {isa = PBXFileReference; fileEncoding = 4; lastKnownFileType = sourcecode.c.h; path = PhotoCell.h; sourceTree = "<group>"; };
		ECDF65E81BD9941E00D5EF2C /* PhotoCell.m */ = {isa = PBXFileReference; fileEncoding = 4; lastKnownFileType = sourcecode.c.objc; path = PhotoCell.m; sourceTree = "<group>"; };
/* End PBXFileReference section */

/* Begin PBXFrameworksBuildPhase section */
		ECDF65CA1BD98FAE00D5EF2C /* Frameworks */ = {
			isa = PBXFrameworksBuildPhase;
			buildActionMask = 2147483647;
			files = (
				E07A3DC775370AF907984235 /* libPods-CodePath-Instagram.a in Frameworks */,
			);
			runOnlyForDeploymentPostprocessing = 0;
		};
/* End PBXFrameworksBuildPhase section */

/* Begin PBXGroup section */
		73CF37645868C2126CD6AFB7 /* Frameworks */ = {
			isa = PBXGroup;
			children = (
				98F158B76187E45665AC9879 /* libPods-CodePath-Instagram.a */,
			);
			name = Frameworks;
			sourceTree = "<group>";
		};
		E1B7270A1C4566AD0914AF92 /* Pods */ = {
			isa = PBXGroup;
			children = (
				42B44CBE7A97DE553CE44C6E /* Pods-CodePath-Instagram.debug.xcconfig */,
				E5CC1C4C4ABA1BE7FFBC44C7 /* Pods-CodePath-Instagram.release.xcconfig */,
			);
			name = Pods;
			sourceTree = "<group>";
		};
		ECDF65C41BD98FAE00D5EF2C = {
			isa = PBXGroup;
			children = (
				ECDF65CF1BD98FAE00D5EF2C /* CodePath-Instagram */,
				ECDF65CE1BD98FAE00D5EF2C /* Products */,
				E1B7270A1C4566AD0914AF92 /* Pods */,
				73CF37645868C2126CD6AFB7 /* Frameworks */,
			);
			sourceTree = "<group>";
		};
		ECDF65CE1BD98FAE00D5EF2C /* Products */ = {
			isa = PBXGroup;
			children = (
				ECDF65CD1BD98FAE00D5EF2C /* CodePath-Instagram.app */,
			);
			name = Products;
			sourceTree = "<group>";
		};
		ECDF65CF1BD98FAE00D5EF2C /* CodePath-Instagram */ = {
			isa = PBXGroup;
			children = (
				ECDF65D31BD98FAE00D5EF2C /* AppDelegate.h */,
				ECDF65D41BD98FAE00D5EF2C /* AppDelegate.m */,
				ECDF65D61BD98FAE00D5EF2C /* PhotosViewController.h */,
				ECDF65D71BD98FAE00D5EF2C /* PhotosViewController.m */,
				ECDF65D91BD98FAE00D5EF2C /* Main.storyboard */,
				ECDF65E71BD9941E00D5EF2C /* PhotoCell.h */,
				ECDF65E81BD9941E00D5EF2C /* PhotoCell.m */,
				ECDF65DC1BD98FAE00D5EF2C /* Assets.xcassets */,
				ECDF65DE1BD98FAE00D5EF2C /* LaunchScreen.storyboard */,
				ECDF65E11BD98FAE00D5EF2C /* Info.plist */,
				ECDF65D01BD98FAE00D5EF2C /* Supporting Files */,
			);
			path = "CodePath-Instagram";
			sourceTree = "<group>";
		};
		ECDF65D01BD98FAE00D5EF2C /* Supporting Files */ = {
			isa = PBXGroup;
			children = (
				ECDF65D11BD98FAE00D5EF2C /* main.m */,
			);
			name = "Supporting Files";
			sourceTree = "<group>";
		};
/* End PBXGroup section */

/* Begin PBXNativeTarget section */
		ECDF65CC1BD98FAE00D5EF2C /* CodePath-Instagram */ = {
			isa = PBXNativeTarget;
			buildConfigurationList = ECDF65E41BD98FAE00D5EF2C /* Build configuration list for PBXNativeTarget "CodePath-Instagram" */;
			buildPhases = (
				C55D92D5CE618794BB35A6DF /* Check Pods Manifest.lock */,
				ECDF65C91BD98FAE00D5EF2C /* Sources */,
				ECDF65CA1BD98FAE00D5EF2C /* Frameworks */,
				ECDF65CB1BD98FAE00D5EF2C /* Resources */,
				712309B2CF0E654A72CAA8D5 /* Embed Pods Frameworks */,
				E0329324CCD8DE68EA3C32E6 /* Copy Pods Resources */,
			);
			buildRules = (
			);
			dependencies = (
			);
			name = "CodePath-Instagram";
			productName = "CodePath-Instagram";
			productReference = ECDF65CD1BD98FAE00D5EF2C /* CodePath-Instagram.app */;
			productType = "com.apple.product-type.application";
		};
/* End PBXNativeTarget section */

/* Begin PBXProject section */
		ECDF65C51BD98FAE00D5EF2C /* Project object */ = {
			isa = PBXProject;
			attributes = {
				LastUpgradeCheck = 0700;
				ORGANIZATIONNAME = "Jesse Pinho";
				TargetAttributes = {
					ECDF65CC1BD98FAE00D5EF2C = {
						CreatedOnToolsVersion = 7.0.1;
					};
				};
			};
			buildConfigurationList = ECDF65C81BD98FAE00D5EF2C /* Build configuration list for PBXProject "CodePath-Instagram" */;
			compatibilityVersion = "Xcode 3.2";
			developmentRegion = English;
			hasScannedForEncodings = 0;
			knownRegions = (
				en,
				Base,
			);
			mainGroup = ECDF65C41BD98FAE00D5EF2C;
			productRefGroup = ECDF65CE1BD98FAE00D5EF2C /* Products */;
			projectDirPath = "";
			projectRoot = "";
			targets = (
				ECDF65CC1BD98FAE00D5EF2C /* CodePath-Instagram */,
			);
		};
/* End PBXProject section */

/* Begin PBXResourcesBuildPhase section */
		ECDF65CB1BD98FAE00D5EF2C /* Resources */ = {
			isa = PBXResourcesBuildPhase;
			buildActionMask = 2147483647;
			files = (
				ECDF65E01BD98FAE00D5EF2C /* LaunchScreen.storyboard in Resources */,
				ECDF65DD1BD98FAE00D5EF2C /* Assets.xcassets in Resources */,
				ECDF65DB1BD98FAE00D5EF2C /* Main.storyboard in Resources */,
			);
			runOnlyForDeploymentPostprocessing = 0;
		};
/* End PBXResourcesBuildPhase section */

/* Begin PBXShellScriptBuildPhase section */
		712309B2CF0E654A72CAA8D5 /* Embed Pods Frameworks */ = {
			isa = PBXShellScriptBuildPhase;
			buildActionMask = 2147483647;
			files = (
			);
			inputPaths = (
			);
			name = "Embed Pods Frameworks";
			outputPaths = (
			);
			runOnlyForDeploymentPostprocessing = 0;
			shellPath = /bin/sh;
			shellScript = "\"${SRCROOT}/Pods/Target Support Files/Pods-CodePath-Instagram/Pods-CodePath-Instagram-frameworks.sh\"\n";
			showEnvVarsInLog = 0;
		};
		C55D92D5CE618794BB35A6DF /* Check Pods Manifest.lock */ = {
			isa = PBXShellScriptBuildPhase;
			buildActionMask = 2147483647;
			files = (
			);
			inputPaths = (
			);
			name = "Check Pods Manifest.lock";
			outputPaths = (
			);
			runOnlyForDeploymentPostprocessing = 0;
			shellPath = /bin/sh;
			shellScript = "diff \"${PODS_ROOT}/../Podfile.lock\" \"${PODS_ROOT}/Manifest.lock\" > /dev/null\nif [[ $? != 0 ]] ; then\n    cat << EOM\nerror: The sandbox is not in sync with the Podfile.lock. Run 'pod install' or update your CocoaPods installation.\nEOM\n    exit 1\nfi\n";
			showEnvVarsInLog = 0;
		};
		E0329324CCD8DE68EA3C32E6 /* Copy Pods Resources */ = {
			isa = PBXShellScriptBuildPhase;
			buildActionMask = 2147483647;
			files = (
			);
			inputPaths = (
			);
			name = "Copy Pods Resources";
			outputPaths = (
			);
			runOnlyForDeploymentPostprocessing = 0;
			shellPath = /bin/sh;
			shellScript = "\"${SRCROOT}/Pods/Target Support Files/Pods-CodePath-Instagram/Pods-CodePath-Instagram-resources.sh\"\n";
			showEnvVarsInLog = 0;
		};
/* End PBXShellScriptBuildPhase section */

/* Begin PBXSourcesBuildPhase section */
		ECDF65C91BD98FAE00D5EF2C /* Sources */ = {
			isa = PBXSourcesBuildPhase;
			buildActionMask = 2147483647;
			files = (
				ECDF65E91BD9941E00D5EF2C /* PhotoCell.m in Sources */,
				ECDF65D81BD98FAE00D5EF2C /* PhotosViewController.m in Sources */,
				ECDF65D51BD98FAE00D5EF2C /* AppDelegate.m in Sources */,
				ECDF65D21BD98FAE00D5EF2C /* main.m in Sources */,
			);
			runOnlyForDeploymentPostprocessing = 0;
		};
/* End PBXSourcesBuildPhase section */

/* Begin PBXVariantGroup section */
		ECDF65D91BD98FAE00D5EF2C /* Main.storyboard */ = {
			isa = PBXVariantGroup;
			children = (
				ECDF65DA1BD98FAE00D5EF2C /* Base */,
			);
			name = Main.storyboard;
			sourceTree = "<group>";
		};
		ECDF65DE1BD98FAE00D5EF2C /* LaunchScreen.storyboard */ = {
			isa = PBXVariantGroup;
			children = (
				ECDF65DF1BD98FAE00D5EF2C /* Base */,
			);
			name = LaunchScreen.storyboard;
			sourceTree = "<group>";
		};
/* End PBXVariantGroup section */

/* Begin XCBuildConfiguration section */
		ECDF65E21BD98FAE00D5EF2C /* Debug */ = {
			isa = XCBuildConfiguration;
			buildSettings = {
				ALWAYS_SEARCH_USER_PATHS = NO;
				CLANG_CXX_LANGUAGE_STANDARD = "gnu++0x";
				CLANG_CXX_LIBRARY = "libc++";
				CLANG_ENABLE_MODULES = YES;
				CLANG_ENABLE_OBJC_ARC = YES;
				CLANG_WARN_BOOL_CONVERSION = YES;
				CLANG_WARN_CONSTANT_CONVERSION = YES;
				CLANG_WARN_DIRECT_OBJC_ISA_USAGE = YES_ERROR;
				CLANG_WARN_EMPTY_BODY = YES;
				CLANG_WARN_ENUM_CONVERSION = YES;
				CLANG_WARN_INT_CONVERSION = YES;
				CLANG_WARN_OBJC_ROOT_CLASS = YES_ERROR;
				CLANG_WARN_UNREACHABLE_CODE = YES;
				CLANG_WARN__DUPLICATE_METHOD_MATCH = YES;
				"CODE_SIGN_IDENTITY[sdk=iphoneos*]" = "iPhone Developer";
				COPY_PHASE_STRIP = NO;
				DEBUG_INFORMATION_FORMAT = dwarf;
				ENABLE_STRICT_OBJC_MSGSEND = YES;
				ENABLE_TESTABILITY = YES;
				GCC_C_LANGUAGE_STANDARD = gnu99;
				GCC_DYNAMIC_NO_PIC = NO;
				GCC_NO_COMMON_BLOCKS = YES;
				GCC_OPTIMIZATION_LEVEL = 0;
				GCC_PREPROCESSOR_DEFINITIONS = (
					"DEBUG=1",
					"$(inherited)",
				);
				GCC_WARN_64_TO_32_BIT_CONVERSION = YES;
				GCC_WARN_ABOUT_RETURN_TYPE = YES_ERROR;
				GCC_WARN_UNDECLARED_SELECTOR = YES;
				GCC_WARN_UNINITIALIZED_AUTOS = YES_AGGRESSIVE;
				GCC_WARN_UNUSED_FUNCTION = YES;
				GCC_WARN_UNUSED_VARIABLE = YES;
				IPHONEOS_DEPLOYMENT_TARGET = 9.0;
				MTL_ENABLE_DEBUG_INFO = YES;
				ONLY_ACTIVE_ARCH = YES;
				SDKROOT = iphoneos;
				TARGETED_DEVICE_FAMILY = "1,2";
			};
			name = Debug;
		};
		ECDF65E31BD98FAE00D5EF2C /* Release */ = {
			isa = XCBuildConfiguration;
			buildSettings = {
				ALWAYS_SEARCH_USER_PATHS = NO;
				CLANG_CXX_LANGUAGE_STANDARD = "gnu++0x";
				CLANG_CXX_LIBRARY = "libc++";
				CLANG_ENABLE_MODULES = YES;
				CLANG_ENABLE_OBJC_ARC = YES;
				CLANG_WARN_BOOL_CONVERSION = YES;
				CLANG_WARN_CONSTANT_CONVERSION = YES;
				CLANG_WARN_DIRECT_OBJC_ISA_USAGE = YES_ERROR;
				CLANG_WARN_EMPTY_BODY = YES;
				CLANG_WARN_ENUM_CONVERSION = YES;
				CLANG_WARN_INT_CONVERSION = YES;
				CLANG_WARN_OBJC_ROOT_CLASS = YES_ERROR;
				CLANG_WARN_UNREACHABLE_CODE = YES;
				CLANG_WARN__DUPLICATE_METHOD_MATCH = YES;
				"CODE_SIGN_IDENTITY[sdk=iphoneos*]" = "iPhone Developer";
				COPY_PHASE_STRIP = NO;
				DEBUG_INFORMATION_FORMAT = "dwarf-with-dsym";
				ENABLE_NS_ASSERTIONS = NO;
				ENABLE_STRICT_OBJC_MSGSEND = YES;
				GCC_C_LANGUAGE_STANDARD = gnu99;
				GCC_NO_COMMON_BLOCKS = YES;
				GCC_WARN_64_TO_32_BIT_CONVERSION = YES;
				GCC_WARN_ABOUT_RETURN_TYPE = YES_ERROR;
				GCC_WARN_UNDECLARED_SELECTOR = YES;
				GCC_WARN_UNINITIALIZED_AUTOS = YES_AGGRESSIVE;
				GCC_WARN_UNUSED_FUNCTION = YES;
				GCC_WARN_UNUSED_VARIABLE = YES;
				IPHONEOS_DEPLOYMENT_TARGET = 9.0;
				MTL_ENABLE_DEBUG_INFO = NO;
				SDKROOT = iphoneos;
				TARGETED_DEVICE_FAMILY = "1,2";
				VALIDATE_PRODUCT = YES;
			};
			name = Release;
		};
		ECDF65E51BD98FAE00D5EF2C /* Debug */ = {
			isa = XCBuildConfiguration;
			baseConfigurationReference = 42B44CBE7A97DE553CE44C6E /* Pods-CodePath-Instagram.debug.xcconfig */;
			buildSettings = {
				ASSETCATALOG_COMPILER_APPICON_NAME = AppIcon;
				INFOPLIST_FILE = "CodePath-Instagram/Info.plist";
				LD_RUNPATH_SEARCH_PATHS = "$(inherited) @executable_path/Frameworks";
				PRODUCT_BUNDLE_IDENTIFIER = "com.jessepinho.CodePath-Instagram";
				PRODUCT_NAME = "$(TARGET_NAME)";
			};
			name = Debug;
		};
		ECDF65E61BD98FAE00D5EF2C /* Release */ = {
			isa = XCBuildConfiguration;
			baseConfigurationReference = E5CC1C4C4ABA1BE7FFBC44C7 /* Pods-CodePath-Instagram.release.xcconfig */;
			buildSettings = {
				ASSETCATALOG_COMPILER_APPICON_NAME = AppIcon;
				INFOPLIST_FILE = "CodePath-Instagram/Info.plist";
				LD_RUNPATH_SEARCH_PATHS = "$(inherited) @executable_path/Frameworks";
				PRODUCT_BUNDLE_IDENTIFIER = "com.jessepinho.CodePath-Instagram";
				PRODUCT_NAME = "$(TARGET_NAME)";
			};
			name = Release;
		};
/* End XCBuildConfiguration section */

/* Begin XCConfigurationList section */
		ECDF65C81BD98FAE00D5EF2C /* Build configuration list for PBXProject "CodePath-Instagram" */ = {
			isa = XCConfigurationList;
			buildConfigurations = (
				ECDF65E21BD98FAE00D5EF2C /* Debug */,
				ECDF65E31BD98FAE00D5EF2C /* Release */,
			);
			defaultConfigurationIsVisible = 0;
			defaultConfigurationName = Release;
		};
		ECDF65E41BD98FAE00D5EF2C /* Build configuration list for PBXNativeTarget "CodePath-Instagram" */ = {
			isa = XCConfigurationList;
			buildConfigurations = (
				ECDF65E51BD98FAE00D5EF2C /* Debug */,
				ECDF65E61BD98FAE00D5EF2C /* Release */,
			);
			defaultConfigurationIsVisible = 0;
			defaultConfigurationName = Release;
		};
/* End XCConfigurationList section */
	};
	rootObject = ECDF65C51BD98FAE00D5EF2C /* Project object */;
}
